# This file is automatically @generated by Cargo.
# It is not intended for manual editing.
version = 4

[[package]]
name = "attest-attestation"
version = "0.1.0"

[[package]]
name = "attest-cli"
version = "0.1.0"

[[package]]
name = "attest-collector"
version = "0.1.0"

[[package]]
name = "attest-common"
version = "0.1.0"

[[package]]
name = "attest-control-plane"
version = "0.1.0"

[[package]]
name = "attest-detection-compiler"
version = "0.1.0"

[[package]]
name = "attest-detection-dsl"
version = "0.1.0"

[[package]]
name = "attest-inference-router"
version = "0.1.0"

[[package]]
name = "attest-ingester"
version = "0.1.0"

[[package]]
name = "attest-mcp-gateway"
version = "0.1.0"

[[package]]
name = "attest-onnx-runtime"
version = "0.1.0"

[[package]]
name = "attest-orchestrator"
version = "0.1.0"

[[package]]
name = "attest-policy-engine"
version = "0.1.0"

[[package]]
name = "attest-shadow-check"
version = "0.1.0"

[[package]]
name = "attest-storage-clickhouse"
version = "0.1.0"

[[package]]
name = "attest-storage-iceberg"
version = "0.1.0"

[[package]]
name = "attest-stream-runtime"
version = "0.1.0"

[[package]]
name = "attest-test-utils"
version = "0.1.0"

[[package]]
name = "workbench-api"
version = "0.1.0"

[[package]]
name = "ws-gateway"
version = "0.1.0"
